// !$*UTF8*$!
{
	archiveVersion = 1;
	classes = {
	};
	objectVersion = 56;
	objects = {

/* Begin PBXBuildFile section */
		83B1858A2A7CE4430044D501 /* AppDelegate.swift in Sources */ = {isa = PBXBuildFile; fileRef = 83B185892A7CE4430044D501 /* AppDelegate.swift */; };
		83B1858C2A7CE4430044D501 /* SceneDelegate.swift in Sources */ = {isa = PBXBuildFile; fileRef = 83B1858B2A7CE4430044D501 /* SceneDelegate.swift */; };
		83B1858E2A7CE4430044D501 /* ViewController.swift in Sources */ = {isa = PBXBuildFile; fileRef = 83B1858D2A7CE4430044D501 /* ViewController.swift */; };
		83B185912A7CE4430044D501 /* Main.storyboard in Resources */ = {isa = PBXBuildFile; fileRef = 83B1858F2A7CE4430044D501 /* Main.storyboard */; };
		83B185932A7CE4440044D501 /* Assets.xcassets in Resources */ = {isa = PBXBuildFile; fileRef = 83B185922A7CE4440044D501 /* Assets.xcassets */; };
		83B185962A7CE4440044D501 /* LaunchScreen.storyboard in Resources */ = {isa = PBXBuildFile; fileRef = 83B185942A7CE4440044D501 /* LaunchScreen.storyboard */; };
		83B185A12A7CE4440044D501 /* Animasyonlu_FABTests.swift in Sources */ = {isa = PBXBuildFile; fileRef = 83B185A02A7CE4440044D501 /* Animasyonlu_FABTests.swift */; };
		83B185AB2A7CE4440044D501 /* Animasyonlu_FABUITests.swift in Sources */ = {isa = PBXBuildFile; fileRef = 83B185AA2A7CE4440044D501 /* Animasyonlu_FABUITests.swift */; };
		83B185AD2A7CE4440044D501 /* Animasyonlu_FABUITestsLaunchTests.swift in Sources */ = {isa = PBXBuildFile; fileRef = 83B185AC2A7CE4440044D501 /* Animasyonlu_FABUITestsLaunchTests.swift */; };
/* End PBXBuildFile section */

/* Begin PBXContainerItemProxy section */
		83B1859D2A7CE4440044D501 /* PBXContainerItemProxy */ = {
			isa = PBXContainerItemProxy;
			containerPortal = 83B1857E2A7CE4430044D501 /* Project object */;
			proxyType = 1;
			remoteGlobalIDString = 83B185852A7CE4430044D501;
			remoteInfo = "Animasyonlu FAB";
		};
		83B185A72A7CE4440044D501 /* PBXContainerItemProxy */ = {
			isa = PBXContainerItemProxy;
			containerPortal = 83B1857E2A7CE4430044D501 /* Project object */;
			proxyType = 1;
			remoteGlobalIDString = 83B185852A7CE4430044D501;
			remoteInfo = "Animasyonlu FAB";
		};
/* End PBXContainerItemProxy section */

/* Begin PBXFileReference section */
		83B185862A7CE4430044D501 /* Animasyonlu FAB.app */ = {isa = PBXFileReference; explicitFileType = wrapper.application; includeInIndex = 0; path = "Animasyonlu FAB.app"; sourceTree = BUILT_PRODUCTS_DIR; };
		83B185892A7CE4430044D501 /* AppDelegate.swift */ = {isa = PBXFileReference; lastKnownFileType = sourcecode.swift; path = AppDelegate.swift; sourceTree = "<group>"; };
		83B1858B2A7CE4430044D501 /* SceneDelegate.swift */ = {isa = PBXFileReference; lastKnownFileType = sourcecode.swift; path = SceneDelegate.swift; sourceTree = "<group>"; };
		83B1858D2A7CE4430044D501 /* ViewController.swift */ = {isa = PBXFileReference; lastKnownFileType = sourcecode.swift; path = ViewController.swift; sourceTree = "<group>"; };
		83B185902A7CE4430044D501 /* Base */ = {isa = PBXFileReference; lastKnownFileType = file.storyboard; name = Base; path = Base.lproj/Main.storyboard; sourceTree = "<group>"; };
		83B185922A7CE4440044D501 /* Assets.xcassets */ = {isa = PBXFileReference; lastKnownFileType = folder.assetcatalog; path = Assets.xcassets; sourceTree = "<group>"; };
		83B185952A7CE4440044D501 /* Base */ = {isa = PBXFileReference; lastKnownFileType = file.storyboard; name = Base; path = Base.lproj/LaunchScreen.storyboard; sourceTree = "<group>"; };
		83B185972A7CE4440044D501 /* Info.plist */ = {isa = PBXFileReference; lastKnownFileType = text.plist.xml; path = Info.plist; sourceTree = "<group>"; };
		83B1859C2A7CE4440044D501 /* Animasyonlu FABTests.xctest */ = {isa = PBXFileReference; explicitFileType = wrapper.cfbundle; includeInIndex = 0; path = "Animasyonlu FABTests.xctest"; sourceTree = BUILT_PRODUCTS_DIR; };
		83B185A02A7CE4440044D501 /* Animasyonlu_FABTests.swift */ = {isa = PBXFileReference; lastKnownFileType = sourcecode.swift; path = Animasyonlu_FABTests.swift; sourceTree = "<group>"; };
		83B185A62A7CE4440044D501 /* Animasyonlu FABUITests.xctest */ = {isa = PBXFileReference; explicitFileType = wrapper.cfbundle; includeInIndex = 0; path = "Animasyonlu FABUITests.xctest"; sourceTree = BUILT_PRODUCTS_DIR; };
		83B185AA2A7CE4440044D501 /* Animasyonlu_FABUITests.swift */ = {isa = PBXFileReference; lastKnownFileType = sourcecode.swift; path = Animasyonlu_FABUITests.swift; sourceTree = "<group>"; };
		83B185AC2A7CE4440044D501 /* Animasyonlu_FABUITestsLaunchTests.swift */ = {isa = PBXFileReference; lastKnownFileType = sourcecode.swift; path = Animasyonlu_FABUITestsLaunchTests.swift; sourceTree = "<group>"; };
/* End PBXFileReference section */

/* Begin PBXFrameworksBuildPhase section */
		83B185832A7CE4430044D501 /* Frameworks */ = {
			isa = PBXFrameworksBuildPhase;
			buildActionMask = 2147483647;
			files = (
			);
			runOnlyForDeploymentPostprocessing = 0;
		};
		83B185992A7CE4440044D501 /* Frameworks */ = {
			isa = PBXFrameworksBuildPhase;
			buildActionMask = 2147483647;
			files = (
			);
			runOnlyForDeploymentPostprocessing = 0;
		};
		83B185A32A7CE4440044D501 /* Frameworks */ = {
			isa = PBXFrameworksBuildPhase;
			buildActionMask = 2147483647;
			files = (
			);
			runOnlyForDeploymentPostprocessing = 0;
		};
/* End PBXFrameworksBuildPhase section */

/* Begin PBXGroup section */
		83B1857D2A7CE4430044D501 = {
			isa = PBXGroup;
			children = (
				83B185882A7CE4430044D501 /* Animasyonlu FAB */,
				83B1859F2A7CE4440044D501 /* Animasyonlu FABTests */,
				83B185A92A7CE4440044D501 /* Animasyonlu FABUITests */,
				83B185872A7CE4430044D501 /* Products */,
			);
			sourceTree = "<group>";
		};
		83B185872A7CE4430044D501 /* Products */ = {
			isa = PBXGroup;
			children = (
				83B185862A7CE4430044D501 /* Animasyonlu FAB.app */,
				83B1859C2A7CE4440044D501 /* Animasyonlu FABTests.xctest */,
				83B185A62A7CE4440044D501 /* Animasyonlu FABUITests.xctest */,
			);
			name = Products;
			sourceTree = "<group>";
		};
		83B185882A7CE4430044D501 /* Animasyonlu FAB */ = {
			isa = PBXGroup;
			children = (
				83B185892A7CE4430044D501 /* AppDelegate.swift */,
				83B1858B2A7CE4430044D501 /* SceneDelegate.swift */,
				83B1858D2A7CE4430044D501 /* ViewController.swift */,
				83B1858F2A7CE4430044D501 /* Main.storyboard */,
				83B185922A7CE4440044D501 /* Assets.xcassets */,
				83B185942A7CE4440044D501 /* LaunchScreen.storyboard */,
				83B185972A7CE4440044D501 /* Info.plist */,
			);
			path = "Animasyonlu FAB";
			sourceTree = "<group>";
		};
		83B1859F2A7CE4440044D501 /* Animasyonlu FABTests */ = {
			isa = PBXGroup;
			children = (
				83B185A02A7CE4440044D501 /* Animasyonlu_FABTests.swift */,
			);
			path = "Animasyonlu FABTests";
			sourceTree = "<group>";
		};
		83B185A92A7CE4440044D501 /* Animasyonlu FABUITests */ = {
			isa = PBXGroup;
			children = (
				83B185AA2A7CE4440044D501 /* Animasyonlu_FABUITests.swift */,
				83B185AC2A7CE4440044D501 /* Animasyonlu_FABUITestsLaunchTests.swift */,
			);
			path = "Animasyonlu FABUITests";
			sourceTree = "<group>";
		};
/* End PBXGroup section */

/* Begin PBXNativeTarget section */
		83B185852A7CE4430044D501 /* Animasyonlu FAB */ = {
			isa = PBXNativeTarget;
			buildConfigurationList = 83B185B02A7CE4440044D501 /* Build configuration list for PBXNativeTarget "Animasyonlu FAB" */;
			buildPhases = (
				83B185822A7CE4430044D501 /* Sources */,
				83B185832A7CE4430044D501 /* Frameworks */,
				83B185842A7CE4430044D501 /* Resources */,
			);
			buildRules = (
			);
			dependencies = (
			);
			name = "Animasyonlu FAB";
			productName = "Animasyonlu FAB";
			productReference = 83B185862A7CE4430044D501 /* Animasyonlu FAB.app */;
			productType = "com.apple.product-type.application";
		};
		83B1859B2A7CE4440044D501 /* Animasyonlu FABTests */ = {
			isa = PBXNativeTarget;
			buildConfigurationList = 83B185B32A7CE4440044D501 /* Build configuration list for PBXNativeTarget "Animasyonlu FABTests" */;
			buildPhases = (
				83B185982A7CE4440044D501 /* Sources */,
				83B185992A7CE4440044D501 /* Frameworks */,
				83B1859A2A7CE4440044D501 /* Resources */,
			);
			buildRules = (
			);
			dependencies = (
				83B1859E2A7CE4440044D501 /* PBXTargetDependency */,
			);
			name = "Animasyonlu FABTests";
			productName = "Animasyonlu FABTests";
			productReference = 83B1859C2A7CE4440044D501 /* Animasyonlu FABTests.xctest */;
			productType = "com.apple.product-type.bundle.unit-test";
		};
		83B185A52A7CE4440044D501 /* Animasyonlu FABUITests */ = {
			isa = PBXNativeTarget;
			buildConfigurationList = 83B185B62A7CE4440044D501 /* Build configuration list for PBXNativeTarget "Animasyonlu FABUITests" */;
			buildPhases = (
				83B185A22A7CE4440044D501 /* Sources */,
				83B185A32A7CE4440044D501 /* Frameworks */,
				83B185A42A7CE4440044D501 /* Resources */,
			);
			buildRules = (
			);
			dependencies = (
				83B185A82A7CE4440044D501 /* PBXTargetDependency */,
			);
			name = "Animasyonlu FABUITests";
			productName = "Animasyonlu FABUITests";
			productReference = 83B185A62A7CE4440044D501 /* Animasyonlu FABUITests.xctest */;
			productType = "com.apple.product-type.bundle.ui-testing";
		};
/* End PBXNativeTarget section */

/* Begin PBXProject section */
		83B1857E2A7CE4430044D501 /* Project object */ = {
			isa = PBXProject;
			attributes = {
				BuildIndependentTargetsInParallel = 1;
				LastSwiftUpdateCheck = 1430;
				LastUpgradeCheck = 1430;
				TargetAttributes = {
					83B185852A7CE4430044D501 = {
						CreatedOnToolsVersion = 14.3.1;
					};
					83B1859B2A7CE4440044D501 = {
						CreatedOnToolsVersion = 14.3.1;
						TestTargetID = 83B185852A7CE4430044D501;
					};
					83B185A52A7CE4440044D501 = {
						CreatedOnToolsVersion = 14.3.1;
						TestTargetID = 83B185852A7CE4430044D501;
					};
				};
			};
			buildConfigurationList = 83B185812A7CE4430044D501 /* Build configuration list for PBXProject "Animasyonlu FAB" */;
			compatibilityVersion = "Xcode 14.0";
			developmentRegion = en;
			hasScannedForEncodings = 0;
			knownRegions = (
				en,
				Base,
			);
			mainGroup = 83B1857D2A7CE4430044D501;
			productRefGroup = 83B185872A7CE4430044D501 /* Products */;
			projectDirPath = "";
			projectRoot = "";
			targets = (
				83B185852A7CE4430044D501 /* Animasyonlu FAB */,
				83B1859B2A7CE4440044D501 /* Animasyonlu FABTests */,
				83B185A52A7CE4440044D501 /* Animasyonlu FABUITests */,
			);
		};
/* End PBXProject section */

/* Begin PBXResourcesBuildPhase section */
		83B185842A7CE4430044D501 /* Resources */ = {
			isa = PBXResourcesBuildPhase;
			buildActionMask = 2147483647;
			files = (
				83B185962A7CE4440044D501 /* LaunchScreen.storyboard in Resources */,
				83B185932A7CE4440044D501 /* Assets.xcassets in Resources */,
				83B185912A7CE4430044D501 /* Main.storyboard in Resources */,
			);
			runOnlyForDeploymentPostprocessing = 0;
		};
		83B1859A2A7CE4440044D501 /* Resources */ = {
			isa = PBXResourcesBuildPhase;
			buildActionMask = 2147483647;
			files = (
			);
			runOnlyForDeploymentPostprocessing = 0;
		};
		83B185A42A7CE4440044D501 /* Resources */ = {
			isa = PBXResourcesBuildPhase;
			buildActionMask = 2147483647;
			files = (
			);
			runOnlyForDeploymentPostprocessing = 0;
		};
/* End PBXResourcesBuildPhase section */

/* Begin PBXSourcesBuildPhase section */
		83B185822A7CE4430044D501 /* Sources */ = {
			isa = PBXSourcesBuildPhase;
			buildActionMask = 2147483647;
			files = (
				83B1858E2A7CE4430044D501 /* ViewController.swift in Sources */,
				83B1858A2A7CE4430044D501 /* AppDelegate.swift in Sources */,
				83B1858C2A7CE4430044D501 /* SceneDelegate.swift in Sources */,
			);
			runOnlyForDeploymentPostprocessing = 0;
		};
		83B185982A7CE4440044D501 /* Sources */ = {
			isa = PBXSourcesBuildPhase;
			buildActionMask = 2147483647;
			files = (
				83B185A12A7CE4440044D501 /* Animasyonlu_FABTests.swift in Sources */,
			);
			runOnlyForDeploymentPostprocessing = 0;
		};
		83B185A22A7CE4440044D501 /* Sources */ = {
			isa = PBXSourcesBuildPhase;
			buildActionMask = 2147483647;
			files = (
				83B185AB2A7CE4440044D501 /* Animasyonlu_FABUITests.swift in Sources */,
				83B185AD2A7CE4440044D501 /* Animasyonlu_FABUITestsLaunchTests.swift in Sources */,
			);
			runOnlyForDeploymentPostprocessing = 0;
		};
/* End PBXSourcesBuildPhase section */

/* Begin PBXTargetDependency section */
		83B1859E2A7CE4440044D501 /* PBXTargetDependency */ = {
			isa = PBXTargetDependency;
			target = 83B185852A7CE4430044D501 /* Animasyonlu FAB */;
			targetProxy = 83B1859D2A7CE4440044D501 /* PBXContainerItemProxy */;
		};
		83B185A82A7CE4440044D501 /* PBXTargetDependency */ = {
			isa = PBXTargetDependency;
			target = 83B185852A7CE4430044D501 /* Animasyonlu FAB */;
			targetProxy = 83B185A72A7CE4440044D501 /* PBXContainerItemProxy */;
		};
/* End PBXTargetDependency section */

/* Begin PBXVariantGroup section */
		83B1858F2A7CE4430044D501 /* Main.storyboard */ = {
			isa = PBXVariantGroup;
			children = (
				83B185902A7CE4430044D501 /* Base */,
			);
			name = Main.storyboard;
			sourceTree = "<group>";
		};
		83B185942A7CE4440044D501 /* LaunchScreen.storyboard */ = {
			isa = PBXVariantGroup;
			children = (
				83B185952A7CE4440044D501 /* Base */,
			);
			name = LaunchScreen.storyboard;
			sourceTree = "<group>";
		};
/* End PBXVariantGroup section */

/* Begin XCBuildConfiguration section */
		83B185AE2A7CE4440044D501 /* Debug */ = {
			isa = XCBuildConfiguration;
			buildSettings = {
				ALWAYS_SEARCH_USER_PATHS = NO;
				CLANG_ANALYZER_NONNULL = YES;
				CLANG_ANALYZER_NUMBER_OBJECT_CONVERSION = YES_AGGRESSIVE;
				CLANG_CXX_LANGUAGE_STANDARD = "gnu++20";
				CLANG_ENABLE_MODULES = YES;
				CLANG_ENABLE_OBJC_ARC = YES;
				CLANG_ENABLE_OBJC_WEAK = YES;
				CLANG_WARN_BLOCK_CAPTURE_AUTORELEASING = YES;
				CLANG_WARN_BOOL_CONVERSION = YES;
				CLANG_WARN_COMMA = YES;
				CLANG_WARN_CONSTANT_CONVERSION = YES;
				CLANG_WARN_DEPRECATED_OBJC_IMPLEMENTATIONS = YES;
				CLANG_WARN_DIRECT_OBJC_ISA_USAGE = YES_ERROR;
				CLANG_WARN_DOCUMENTATION_COMMENTS = YES;
				CLANG_WARN_EMPTY_BODY = YES;
				CLANG_WARN_ENUM_CONVERSION = YES;
				CLANG_WARN_INFINITE_RECURSION = YES;
				CLANG_WARN_INT_CONVERSION = YES;
				CLANG_WARN_NON_LITERAL_NULL_CONVERSION = YES;
				CLANG_WARN_OBJC_IMPLICIT_RETAIN_SELF = YES;
				CLANG_WARN_OBJC_LITERAL_CONVERSION = YES;
				CLANG_WARN_OBJC_ROOT_CLASS = YES_ERROR;
				CLANG_WARN_QUOTED_INCLUDE_IN_FRAMEWORK_HEADER = YES;
				CLANG_WARN_RANGE_LOOP_ANALYSIS = YES;
				CLANG_WARN_STRICT_PROTOTYPES = YES;
				CLANG_WARN_SUSPICIOUS_MOVE = YES;
				CLANG_WARN_UNGUARDED_AVAILABILITY = YES_AGGRESSIVE;
				CLANG_WARN_UNREACHABLE_CODE = YES;
				CLANG_WARN__DUPLICATE_METHOD_MATCH = YES;
				COPY_PHASE_STRIP = NO;
				DEBUG_INFORMATION_FORMAT = dwarf;
				ENABLE_STRICT_OBJC_MSGSEND = YES;
				ENABLE_TESTABILITY = YES;
				GCC_C_LANGUAGE_STANDARD = gnu11;
				GCC_DYNAMIC_NO_PIC = NO;
				GCC_NO_COMMON_BLOCKS = YES;
				GCC_OPTIMIZATION_LEVEL = 0;
				GCC_PREPROCESSOR_DEFINITIONS = (
					"DEBUG=1",
					"$(inherited)",
				);
				GCC_WARN_64_TO_32_BIT_CONVERSION = YES;
				GCC_WARN_ABOUT_RETURN_TYPE = YES_ERROR;
				GCC_WARN_UNDECLARED_SELECTOR = YES;
				GCC_WARN_UNINITIALIZED_AUTOS = YES_AGGRESSIVE;
				GCC_WARN_UNUSED_FUNCTION = YES;
				GCC_WARN_UNUSED_VARIABLE = YES;
				IPHONEOS_DEPLOYMENT_TARGET = 16.4;
				MTL_ENABLE_DEBUG_INFO = INCLUDE_SOURCE;
				MTL_FAST_MATH = YES;
				ONLY_ACTIVE_ARCH = YES;
				SDKROOT = iphoneos;
				SWIFT_ACTIVE_COMPILATION_CONDITIONS = DEBUG;
				SWIFT_OPTIMIZATION_LEVEL = "-Onone";
			};
			name = Debug;
		};
		83B185AF2A7CE4440044D501 /* Release */ = {
			isa = XCBuildConfiguration;
			buildSettings = {
				ALWAYS_SEARCH_USER_PATHS = NO;
				CLANG_ANALYZER_NONNULL = YES;
				CLANG_ANALYZER_NUMBER_OBJECT_CONVERSION = YES_AGGRESSIVE;
				CLANG_CXX_LANGUAGE_STANDARD = "gnu++20";
				CLANG_ENABLE_MODULES = YES;
				CLANG_ENABLE_OBJC_ARC = YES;
				CLANG_ENABLE_OBJC_WEAK = YES;
				CLANG_WARN_BLOCK_CAPTURE_AUTORELEASING = YES;
				CLANG_WARN_BOOL_CONVERSION = YES;
				CLANG_WARN_COMMA = YES;
				CLANG_WARN_CONSTANT_CONVERSION = YES;
				CLANG_WARN_DEPRECATED_OBJC_IMPLEMENTATIONS = YES;
				CLANG_WARN_DIRECT_OBJC_ISA_USAGE = YES_ERROR;
				CLANG_WARN_DOCUMENTATION_COMMENTS = YES;
				CLANG_WARN_EMPTY_BODY = YES;
				CLANG_WARN_ENUM_CONVERSION = YES;
				CLANG_WARN_INFINITE_RECURSION = YES;
				CLANG_WARN_INT_CONVERSION = YES;
				CLANG_WARN_NON_LITERAL_NULL_CONVERSION = YES;
				CLANG_WARN_OBJC_IMPLICIT_RETAIN_SELF = YES;
				CLANG_WARN_OBJC_LITERAL_CONVERSION = YES;
				CLANG_WARN_OBJC_ROOT_CLASS = YES_ERROR;
				CLANG_WARN_QUOTED_INCLUDE_IN_FRAMEWORK_HEADER = YES;
				CLANG_WARN_RANGE_LOOP_ANALYSIS = YES;
				CLANG_WARN_STRICT_PROTOTYPES = YES;
				CLANG_WARN_SUSPICIOUS_MOVE = YES;
				CLANG_WARN_UNGUARDED_AVAILABILITY = YES_AGGRESSIVE;
				CLANG_WARN_UNREACHABLE_CODE = YES;
				CLANG_WARN__DUPLICATE_METHOD_MATCH = YES;
				COPY_PHASE_STRIP = NO;
				DEBUG_INFORMATION_FORMAT = "dwarf-with-dsym";
				ENABLE_NS_ASSERTIONS = NO;
				ENABLE_STRICT_OBJC_MSGSEND = YES;
				GCC_C_LANGUAGE_STANDARD = gnu11;
				GCC_NO_COMMON_BLOCKS = YES;
				GCC_WARN_64_TO_32_BIT_CONVERSION = YES;
				GCC_WARN_ABOUT_RETURN_TYPE = YES_ERROR;
				GCC_WARN_UNDECLARED_SELECTOR = YES;
				GCC_WARN_UNINITIALIZED_AUTOS = YES_AGGRESSIVE;
				GCC_WARN_UNUSED_FUNCTION = YES;
				GCC_WARN_UNUSED_VARIABLE = YES;
				IPHONEOS_DEPLOYMENT_TARGET = 16.4;
				MTL_ENABLE_DEBUG_INFO = NO;
				MTL_FAST_MATH = YES;
				SDKROOT = iphoneos;
				SWIFT_COMPILATION_MODE = wholemodule;
				SWIFT_OPTIMIZATION_LEVEL = "-O";
				VALIDATE_PRODUCT = YES;
			};
			name = Release;
		};
		83B185B12A7CE4440044D501 /* Debug */ = {
			isa = XCBuildConfiguration;
			buildSettings = {
				ASSETCATALOG_COMPILER_APPICON_NAME = AppIcon;
				ASSETCATALOG_COMPILER_GLOBAL_ACCENT_COLOR_NAME = AccentColor;
				CODE_SIGN_STYLE = Automatic;
				CURRENT_PROJECT_VERSION = 1;
				GENERATE_INFOPLIST_FILE = YES;
				INFOPLIST_FILE = "Animasyonlu FAB/Info.plist";
				INFOPLIST_KEY_UIApplicationSupportsIndirectInputEvents = YES;
				INFOPLIST_KEY_UILaunchStoryboardName = LaunchScreen;
				INFOPLIST_KEY_UIMainStoryboardFile = Main;
				INFOPLIST_KEY_UISupportedInterfaceOrientations_iPad = "UIInterfaceOrientationPortrait UIInterfaceOrientationPortraitUpsideDown UIInterfaceOrientationLandscapeLeft UIInterfaceOrientationLandscapeRight";
				INFOPLIST_KEY_UISupportedInterfaceOrientations_iPhone = "UIInterfaceOrientationPortrait UIInterfaceOrientationLandscapeLeft UIInterfaceOrientationLandscapeRight";
				LD_RUNPATH_SEARCH_PATHS = (
					"$(inherited)",
					"@executable_path/Frameworks",
				);
				MARKETING_VERSION = 1.0;
				PRODUCT_BUNDLE_IDENTIFIER = "Swift.Animasyonlu-FAB";
				PRODUCT_NAME = "$(TARGET_NAME)";
				SWIFT_EMIT_LOC_STRINGS = YES;
				SWIFT_VERSION = 5.0;
				TARGETED_DEVICE_FAMILY = "1,2";
			};
			name = Debug;
		};
		83B185B22A7CE4440044D501 /* Release */ = {
			isa = XCBuildConfiguration;
			buildSettings = {
				ASSETCATALOG_COMPILER_APPICON_NAME = AppIcon;
				ASSETCATALOG_COMPILER_GLOBAL_ACCENT_COLOR_NAME = AccentColor;
				CODE_SIGN_STYLE = Automatic;
				CURRENT_PROJECT_VERSION = 1;
				GENERATE_INFOPLIST_FILE = YES;
				INFOPLIST_FILE = "Animasyonlu FAB/Info.plist";
				INFOPLIST_KEY_UIApplicationSupportsIndirectInputEvents = YES;
				INFOPLIST_KEY_UILaunchStoryboardName = LaunchScreen;
				INFOPLIST_KEY_UIMainStoryboardFile = Main;
				INFOPLIST_KEY_UISupportedInterfaceOrientations_iPad = "UIInterfaceOrientationPortrait UIInterfaceOrientationPortraitUpsideDown UIInterfaceOrientationLandscapeLeft UIInterfaceOrientationLandscapeRight";
				INFOPLIST_KEY_UISupportedInterfaceOrientations_iPhone = "UIInterfaceOrientationPortrait UIInterfaceOrientationLandscapeLeft UIInterfaceOrientationLandscapeRight";
				LD_RUNPATH_SEARCH_PATHS = (
					"$(inherited)",
					"@executable_path/Frameworks",
				);
				MARKETING_VERSION = 1.0;
				PRODUCT_BUNDLE_IDENTIFIER = "Swift.Animasyonlu-FAB";
				PRODUCT_NAME = "$(TARGET_NAME)";
				SWIFT_EMIT_LOC_STRINGS = YES;
				SWIFT_VERSION = 5.0;
				TARGETED_DEVICE_FAMILY = "1,2";
			};
			name = Release;
		};
		83B185B42A7CE4440044D501 /* Debug */ = {
			isa = XCBuildConfiguration;
			buildSettings = {
				ALWAYS_EMBED_SWIFT_STANDARD_LIBRARIES = YES;
				BUNDLE_LOADER = "$(TEST_HOST)";
				CODE_SIGN_STYLE = Automatic;
				CURRENT_PROJECT_VERSION = 1;
				GENERATE_INFOPLIST_FILE = YES;
				IPHONEOS_DEPLOYMENT_TARGET = 16.4;
				MARKETING_VERSION = 1.0;
				PRODUCT_BUNDLE_IDENTIFIER = "Swift.Animasyonlu-FABTests";
				PRODUCT_NAME = "$(TARGET_NAME)";
				SWIFT_EMIT_LOC_STRINGS = NO;
				SWIFT_VERSION = 5.0;
				TARGETED_DEVICE_FAMILY = "1,2";
				TEST_HOST = "$(BUILT_PRODUCTS_DIR)/Animasyonlu FAB.app/$(BUNDLE_EXECUTABLE_FOLDER_PATH)/Animasyonlu FAB";
			};
			name = Debug;
		};
		83B185B52A7CE4440044D501 /* Release */ = {
			isa = XCBuildConfiguration;
			buildSettings = {
				ALWAYS_EMBED_SWIFT_STANDARD_LIBRARIES = YES;
				BUNDLE_LOADER = "$(TEST_HOST)";
				CODE_SIGN_STYLE = Automatic;
				CURRENT_PROJECT_VERSION = 1;
				GENERATE_INFOPLIST_FILE = YES;
				IPHONEOS_DEPLOYMENT_TARGET = 16.4;
				MARKETING_VERSION = 1.0;
				PRODUCT_BUNDLE_IDENTIFIER = "Swift.Animasyonlu-FABTests";
				PRODUCT_NAME = "$(TARGET_NAME)";
				SWIFT_EMIT_LOC_STRINGS = NO;
				SWIFT_VERSION = 5.0;
				TARGETED_DEVICE_FAMILY = "1,2";
				TEST_HOST = "$(BUILT_PRODUCTS_DIR)/Animasyonlu FAB.app/$(BUNDLE_EXECUTABLE_FOLDER_PATH)/Animasyonlu FAB";
			};
			name = Release;
		};
		83B185B72A7CE4440044D501 /* Debug */ = {
			isa = XCBuildConfiguration;
			buildSettings = {
				ALWAYS_EMBED_SWIFT_STANDARD_LIBRARIES = YES;
				CODE_SIGN_STYLE = Automatic;
				CURRENT_PROJECT_VERSION = 1;
				GENERATE_INFOPLIST_FILE = YES;
				MARKETING_VERSION = 1.0;
				PRODUCT_BUNDLE_IDENTIFIER = "Swift.Animasyonlu-FABUITests";
				PRODUCT_NAME = "$(TARGET_NAME)";
				SWIFT_EMIT_LOC_STRINGS = NO;
				SWIFT_VERSION = 5.0;
				TARGETED_DEVICE_FAMILY = "1,2";
				TEST_TARGET_NAME = "Animasyonlu FAB";
			};
			name = Debug;
		};
		83B185B82A7CE4440044D501 /* Release */ = {
			isa = XCBuildConfiguration;
			buildSettings = {
				ALWAYS_EMBED_SWIFT_STANDARD_LIBRARIES = YES;
				CODE_SIGN_STYLE = Automatic;
				CURRENT_PROJECT_VERSION = 1;
				GENERATE_INFOPLIST_FILE = YES;
				MARKETING_VERSION = 1.0;
				PRODUCT_BUNDLE_IDENTIFIER = "Swift.Animasyonlu-FABUITests";
				PRODUCT_NAME = "$(TARGET_NAME)";
				SWIFT_EMIT_LOC_STRINGS = NO;
				SWIFT_VERSION = 5.0;
				TARGETED_DEVICE_FAMILY = "1,2";
				TEST_TARGET_NAME = "Animasyonlu FAB";
			};
			name = Release;
		};
/* End XCBuildConfiguration section */

/* Begin XCConfigurationList section */
		83B185812A7CE4430044D501 /* Build configuration list for PBXProject "Animasyonlu FAB" */ = {
			isa = XCConfigurationList;
			buildConfigurations = (
				83B185AE2A7CE4440044D501 /* Debug */,
				83B185AF2A7CE4440044D501 /* Release */,
			);
			defaultConfigurationIsVisible = 0;
			defaultConfigurationName = Release;
		};
		83B185B02A7CE4440044D501 /* Build configuration list for PBXNativeTarget "Animasyonlu FAB" */ = {
			isa = XCConfigurationList;
			buildConfigurations = (
				83B185B12A7CE4440044D501 /* Debug */,
				83B185B22A7CE4440044D501 /* Release */,
			);
			defaultConfigurationIsVisible = 0;
			defaultConfigurationName = Release;
		};
		83B185B32A7CE4440044D501 /* Build configuration list for PBXNativeTarget "Animasyonlu FABTests" */ = {
			isa = XCConfigurationList;
			buildConfigurations = (
				83B185B42A7CE4440044D501 /* Debug */,
				83B185B52A7CE4440044D501 /* Release */,
			);
			defaultConfigurationIsVisible = 0;
			defaultConfigurationName = Release;
		};
		83B185B62A7CE4440044D501 /* Build configuration list for PBXNativeTarget "Animasyonlu FABUITests" */ = {
			isa = XCConfigurationList;
			buildConfigurations = (
				83B185B72A7CE4440044D501 /* Debug */,
				83B185B82A7CE4440044D501 /* Release */,
			);
			defaultConfigurationIsVisible = 0;
			defaultConfigurationName = Release;
		};
/* End XCConfigurationList section */
	};
	rootObject = 83B1857E2A7CE4430044D501 /* Project object */;
}
